<?xml version="1.0" encoding="utf-8"?>
<Project ToolsVersion="4.0" xmlns="http://schemas.microsoft.com/developer/msbuild/2003">
  <ItemGroup>
    <Filter Include="include">
      <UniqueIdentifier>{93995380-89BD-4b04-88EB-625FBE52EBFB}</UniqueIdentifier>
      <Extensions>h;hh;hpp;hxx;hm;inl;inc;xsd</Extensions>
    </Filter>
    <Filter Include="source">
      <UniqueIdentifier>{4FC737F1-C7A5-4376-A066-2A32D752A2FF}</UniqueIdentifier>
      <Extensions>cpp;c;cc;cxx;def;odl;idl;hpj;bat;asm;asmx</Extensions>
    </Filter>
    <Filter Include="unit_tests">
      <UniqueIdentifier>{4e65499f-906e-4947-bb29-7ac107720d4c}</UniqueIdentifier>
    </Filter>
    <Filter Include="demo">
      <UniqueIdentifier>{ab3015ea-1dd3-49cd-a4fc-bdd71c697973}</UniqueIdentifier>
    </Filter>
  </ItemGroup>
  <ItemGroup>
    <ClInclude Include="..\include\spAngularSpringJoint.h">
      <Filter>include</Filter>
    </ClInclude>
    <ClInclude Include="..\include\spBody.h">
      <Filter>include</Filter>
    </ClInclude>
    <ClInclude Include="..\include\spBound.h">
      <Filter>include</Filter>
    </ClInclude>
    <ClInclude Include="..\include\spCircle.h">
      <Filter>include</Filter>
    </ClInclude>
    <ClInclude Include="..\include\spCollision.h">
      <Filter>include</Filter>
    </ClInclude>
    <ClInclude Include="..\include\spConstraint.h">
      <Filter>include</Filter>
    </ClInclude>
    <ClInclude Include="..\include\spContact.h">
      <Filter>include</Filter>
    </ClInclude>
    <ClInclude Include="..\include\spContactKey.h">
      <Filter>include</Filter>
    </ClInclude>
    <ClInclude Include="..\include\spCore.h">
      <Filter>include</Filter>
    </ClInclude>
    <ClInclude Include="..\include\spDistanceJoint.h">
      <Filter>include</Filter>
    </ClInclude>
    <ClInclude Include="..\include\spGearJoint.h">
      <Filter>include</Filter>
    </ClInclude>
    <ClInclude Include="..\include\spLinkedList.h">
      <Filter>include</Filter>
    </ClInclude>
    <ClInclude Include="..\include\spMath.h">
      <Filter>include</Filter>
    </ClInclude>
    <ClInclude Include="..\include\spMotorJoint.h">
      <Filter>include</Filter>
    </ClInclude>
    <ClInclude Include="..\include\spMouseJoint.h">
      <Filter>include</Filter>
    </ClInclude>
    <ClInclude Include="..\include\spPointJoint.h">
      <Filter>include</Filter>
    </ClInclude>
    <ClInclude Include="..\include\spPolygon.h">
      <Filter>include</Filter>
    </ClInclude>
    <ClInclude Include="..\include\spRopeJoint.h">
      <Filter>include</Filter>
    </ClInclude>
    <ClInclude Include="..\include\spSegment.h">
      <Filter>include</Filter>
    </ClInclude>
    <ClInclude Include="..\include\spShape.h">
      <Filter>include</Filter>
    </ClInclude>
    <ClInclude Include="..\include\spSpringJoint.h">
      <Filter>include</Filter>
    </ClInclude>
    <ClInclude Include="..\include\spWheelJoint.h">
      <Filter>include</Filter>
    </ClInclude>
    <ClInclude Include="..\include\spWorld.h">
      <Filter>include</Filter>
    </ClInclude>
    <ClInclude Include="..\tests\spUnitTest.h">
      <Filter>unit_tests</Filter>
    </ClInclude>
    <ClInclude Include="..\include\spPlatform.h">
      <Filter>include</Filter>
    </ClInclude>
    <ClInclude Include="..\demo\spDemo.h">
      <Filter>demo</Filter>
    </ClInclude>
    <ClInclude Include="..\demo\spDraw.h">
      <Filter>demo</Filter>
    </ClInclude>
    <ClInclude Include="..\demo\spShader.h">
      <Filter>demo</Filter>
    </ClInclude>
    <ClInclude Include="..\include\spring.h">
      <Filter>include</Filter>
    </ClInclude>
  </ItemGroup>
  <ItemGroup>
    <ClCompile Include="..\tests\spBoundTest.cpp">
      <Filter>unit_tests</Filter>
    </ClCompile>
    <ClCompile Include="..\tests\spChainTest.cpp">
      <Filter>unit_tests</Filter>
    </ClCompile>
    <ClCompile Include="..\tests\spCircleTest.cpp">
      <Filter>unit_tests</Filter>
    </ClCompile>
    <ClCompile Include="..\tests\spMathTest.cpp">
      <Filter>unit_tests</Filter>
    </ClCompile>
    <ClCompile Include="..\tests\spPolygonTest.cpp">
      <Filter>unit_tests</Filter>
    </ClCompile>
    <ClCompile Include="..\tests\spShapeTest.cpp">
      <Filter>unit_tests</Filter>
    </ClCompile>
    <ClCompile Include="..\tests\spUnitTest.cpp">
      <Filter>unit_tests</Filter>
    </ClCompile>
    <ClCompile Include="..\source\spCore.c">
      <Filter>source</Filter>
    </ClCompile>
    <ClCompile Include="..\source\main.c">
      <Filter>source</Filter>
    </ClCompile>
    <ClCompile Include="..\source\spBound.c">
      <Filter>source</Filter>
    </ClCompile>
    <ClCompile Include="..\source\spContact.c">
      <Filter>source</Filter>
    </ClCompile>
    <ClCompile Include="..\source\spShape.c">
      <Filter>source</Filter>
    </ClCompile>
    <ClCompile Include="..\source\spAngularSpringJoint.c">
      <Filter>source</Filter>
    </ClCompile>
    <ClCompile Include="..\source\spBody.c">
      <Filter>source</Filter>
    </ClCompile>
    <ClCompile Include="..\source\spCircle.c">
      <Filter>source</Filter>
    </ClCompile>
    <ClCompile Include="..\source\spCollision.c">
      <Filter>source</Filter>
    </ClCompile>
    <ClCompile Include="..\source\spConstraint.c">
      <Filter>source</Filter>
    </ClCompile>
    <ClCompile Include="..\source\spContactKey.c">
      <Filter>source</Filter>
    </ClCompile>
    <ClCompile Include="..\source\spDistanceJoint.c">
      <Filter>source</Filter>
    </ClCompile>
    <ClCompile Include="..\source\spGearJoint.c">
      <Filter>source</Filter>
    </ClCompile>
    <ClCompile Include="..\source\spMotorJoint.c">
      <Filter>source</Filter>
    </ClCompile>
    <ClCompile Include="..\source\spMouseJoint.c">
      <Filter>source</Filter>
    </ClCompile>
    <ClCompile Include="..\source\spPointJoint.c">
      <Filter>source</Filter>
    </ClCompile>
    <ClCompile Include="..\source\spPolygon.c">
      <Filter>source</Filter>
    </ClCompile>
    <ClCompile Include="..\source\spring.c">
      <Filter>source</Filter>
    </ClCompile>
    <ClCompile Include="..\source\spRopeJoint.c">
      <Filter>source</Filter>
    </ClCompile>
    <ClCompile Include="..\source\spSegment.c">
      <Filter>source</Filter>
    </ClCompile>
    <ClCompile Include="..\source\spSpringJoint.c">
      <Filter>source</Filter>
    </ClCompile>
    <ClCompile Include="..\source\spWheelJoint.c">
      <Filter>source</Filter>
    </ClCompile>
    <ClCompile Include="..\source\spWorld.c">
      <Filter>source</Filter>
    </ClCompile>
    <ClCompile Include="..\demo\DemoTemplate.cpp">
      <Filter>demo</Filter>
    </ClCompile>
    <ClCompile Include="..\demo\JointDemo.c">
      <Filter>demo</Filter>
    </ClCompile>
    <ClCompile Include="..\demo\spDemo.c">
      <Filter>demo</Filter>
    </ClCompile>
    <ClCompile Include="..\demo\spDraw.c">
      <Filter>demo</Filter>
    </ClCompile>
    <ClCompile Include="..\demo\spShader.c">
      <Filter>demo</Filter>
    </ClCompile>
  </ItemGroup>
</Project>