<?xml version="1.0" encoding="utf-8"?>
<Project ToolsVersion="4.0" xmlns="http://schemas.microsoft.com/developer/msbuild/2003">
  <ItemGroup>
    <Filter Include="source">
      <UniqueIdentifier>{cbd9e492-590f-4bdc-bd13-e591cec3d11f}</UniqueIdentifier>
    </Filter>
  </ItemGroup>
  <ItemGroup>
    <ClCompile Include="..\..\..\source\demo\convex.c">
      <Filter>source</Filter>
    </ClCompile>
  </ItemGroup>
</Project>