<?xml version="1.0" encoding="utf-8"?>
<Project ToolsVersion="4.0" xmlns="http://schemas.microsoft.com/developer/msbuild/2003">
  <ItemGroup>
    <Filter Include="source">
      <UniqueIdentifier>{4FC737F1-C7A5-4376-A066-2A32D752A2FF}</UniqueIdentifier>
      <Extensions>cpp;c;cc;cxx;def;odl;idl;hpj;bat;asm;asmx</Extensions>
    </Filter>
    <Filter Include="headers">
      <UniqueIdentifier>{9856b393-cfde-4a1b-85b7-7f200469c6ec}</UniqueIdentifier>
    </Filter>
  </ItemGroup>
  <ItemGroup>
    <ClCompile Include="..\..\..\demo\JointDemo.c">
      <Filter>source</Filter>
    </ClCompile>
    <ClCompile Include="..\..\..\demo\spDraw.c">
      <Filter>source</Filter>
    </ClCompile>
    <ClCompile Include="..\..\..\demo\spShader.c">
      <Filter>source</Filter>
    </ClCompile>
    <ClCompile Include="..\..\..\demo\spDemo.c">
      <Filter>source</Filter>
    </ClCompile>
  </ItemGroup>
  <ItemGroup>
    <ClInclude Include="..\..\..\demo\spDemo.h">
      <Filter>headers</Filter>
    </ClInclude>
    <ClInclude Include="..\..\..\demo\spDraw.h">
      <Filter>headers</Filter>
    </ClInclude>
    <ClInclude Include="..\..\..\demo\spShader.h">
      <Filter>headers</Filter>
    </ClInclude>
  </ItemGroup>
</Project>