<?xml version="1.0" encoding="utf-8"?>
<Project ToolsVersion="4.0" xmlns="http://schemas.microsoft.com/developer/msbuild/2003">
  <ItemGroup>
    <Filter Include="include">
      <UniqueIdentifier>{93995380-89BD-4b04-88EB-625FBE52EBFB}</UniqueIdentifier>
      <Extensions>h;hh;hpp;hxx;hm;inl;inc;xsd</Extensions>
    </Filter>
    <Filter Include="source">
      <UniqueIdentifier>{4FC737F1-C7A5-4376-A066-2A32D752A2FF}</UniqueIdentifier>
      <Extensions>cpp;c;cc;cxx;def;odl;idl;hpj;bat;asm;asmx</Extensions>
    </Filter>
  </ItemGroup>
  <ItemGroup>
    <ClInclude Include="..\..\..\include\spring\spAngularSpringJoint.h">
      <Filter>include</Filter>
    </ClInclude>
    <ClInclude Include="..\..\..\include\spring\spBody.h">
      <Filter>include</Filter>
    </ClInclude>
    <ClInclude Include="..\..\..\include\spring\spBound.h">
      <Filter>include</Filter>
    </ClInclude>
    <ClInclude Include="..\..\..\include\spring\spCircle.h">
      <Filter>include</Filter>
    </ClInclude>
    <ClInclude Include="..\..\..\include\spring\spCollision.h">
      <Filter>include</Filter>
    </ClInclude>
    <ClInclude Include="..\..\..\include\spring\spConstraint.h">
      <Filter>include</Filter>
    </ClInclude>
    <ClInclude Include="..\..\..\include\spring\spContact.h">
      <Filter>include</Filter>
    </ClInclude>
    <ClInclude Include="..\..\..\include\spring\spContactKey.h">
      <Filter>include</Filter>
    </ClInclude>
    <ClInclude Include="..\..\..\include\spring\spCore.h">
      <Filter>include</Filter>
    </ClInclude>
    <ClInclude Include="..\..\..\include\spring\spDistanceJoint.h">
      <Filter>include</Filter>
    </ClInclude>
    <ClInclude Include="..\..\..\include\spring\spGearJoint.h">
      <Filter>include</Filter>
    </ClInclude>
    <ClInclude Include="..\..\..\include\spring\spLinkedList.h">
      <Filter>include</Filter>
    </ClInclude>
    <ClInclude Include="..\..\..\include\spring\spMath.h">
      <Filter>include</Filter>
    </ClInclude>
    <ClInclude Include="..\..\..\include\spring\spMotorJoint.h">
      <Filter>include</Filter>
    </ClInclude>
    <ClInclude Include="..\..\..\include\spring\spMouseJoint.h">
      <Filter>include</Filter>
    </ClInclude>
    <ClInclude Include="..\..\..\include\spring\spPlatform.h">
      <Filter>include</Filter>
    </ClInclude>
    <ClInclude Include="..\..\..\include\spring\spPointJoint.h">
      <Filter>include</Filter>
    </ClInclude>
    <ClInclude Include="..\..\..\include\spring\spPolygon.h">
      <Filter>include</Filter>
    </ClInclude>
    <ClInclude Include="..\..\..\include\spring\spring.h">
      <Filter>include</Filter>
    </ClInclude>
    <ClInclude Include="..\..\..\include\spring\spRopeJoint.h">
      <Filter>include</Filter>
    </ClInclude>
    <ClInclude Include="..\..\..\include\spring\spSegment.h">
      <Filter>include</Filter>
    </ClInclude>
    <ClInclude Include="..\..\..\include\spring\spShape.h">
      <Filter>include</Filter>
    </ClInclude>
    <ClInclude Include="..\..\..\include\spring\spSpringJoint.h">
      <Filter>include</Filter>
    </ClInclude>
    <ClInclude Include="..\..\..\include\spring\spWheelJoint.h">
      <Filter>include</Filter>
    </ClInclude>
    <ClInclude Include="..\..\..\include\spring\spWorld.h">
      <Filter>include</Filter>
    </ClInclude>
    <ClInclude Include="..\..\..\include\spring\spSweepAndPrune.h">
      <Filter>include</Filter>
    </ClInclude>
  </ItemGroup>
  <ItemGroup>
    <ClCompile Include="..\..\..\source\spring\spAngularSpringJoint.c">
      <Filter>source</Filter>
    </ClCompile>
    <ClCompile Include="..\..\..\source\spring\spBody.c">
      <Filter>source</Filter>
    </ClCompile>
    <ClCompile Include="..\..\..\source\spring\spBound.c">
      <Filter>source</Filter>
    </ClCompile>
    <ClCompile Include="..\..\..\source\spring\spCircle.c">
      <Filter>source</Filter>
    </ClCompile>
    <ClCompile Include="..\..\..\source\spring\spCollision.c">
      <Filter>source</Filter>
    </ClCompile>
    <ClCompile Include="..\..\..\source\spring\spConstraint.c">
      <Filter>source</Filter>
    </ClCompile>
    <ClCompile Include="..\..\..\source\spring\spContact.c">
      <Filter>source</Filter>
    </ClCompile>
    <ClCompile Include="..\..\..\source\spring\spContactKey.c">
      <Filter>source</Filter>
    </ClCompile>
    <ClCompile Include="..\..\..\source\spring\spCore.c">
      <Filter>source</Filter>
    </ClCompile>
    <ClCompile Include="..\..\..\source\spring\spDistanceJoint.c">
      <Filter>source</Filter>
    </ClCompile>
    <ClCompile Include="..\..\..\source\spring\spGearJoint.c">
      <Filter>source</Filter>
    </ClCompile>
    <ClCompile Include="..\..\..\source\spring\spMotorJoint.c">
      <Filter>source</Filter>
    </ClCompile>
    <ClCompile Include="..\..\..\source\spring\spMouseJoint.c">
      <Filter>source</Filter>
    </ClCompile>
    <ClCompile Include="..\..\..\source\spring\spPointJoint.c">
      <Filter>source</Filter>
    </ClCompile>
    <ClCompile Include="..\..\..\source\spring\spPolygon.c">
      <Filter>source</Filter>
    </ClCompile>
    <ClCompile Include="..\..\..\source\spring\spRopeJoint.c">
      <Filter>source</Filter>
    </ClCompile>
    <ClCompile Include="..\..\..\source\spring\spSegment.c">
      <Filter>source</Filter>
    </ClCompile>
    <ClCompile Include="..\..\..\source\spring\spShape.c">
      <Filter>source</Filter>
    </ClCompile>
    <ClCompile Include="..\..\..\source\spring\spSpringJoint.c">
      <Filter>source</Filter>
    </ClCompile>
    <ClCompile Include="..\..\..\source\spring\spWheelJoint.c">
      <Filter>source</Filter>
    </ClCompile>
    <ClCompile Include="..\..\..\source\spring\spWorld.c">
      <Filter>source</Filter>
    </ClCompile>
    <ClCompile Include="..\..\..\source\spring\spSweepAndPrune.c">
      <Filter>source</Filter>
    </ClCompile>
  </ItemGroup>
</Project>