
Microsoft Visual Studio Solution File, Format Version 12.00
# Visual Studio 2013
VisualStudioVersion = 12.0.40629.0
MinimumVisualStudioVersion = 10.0.40219.1
Project("{8BC9CEB8-8B4A-11D0-8D11-00A0C91BC942}") = "demos", "demos.vcxproj", "{433FD9C8-F1A6-411A-A5C9-C572C03BAFDC}"
EndProject
Project("{8BC9CEB8-8B4A-11D0-8D11-00A0C91BC942}") = "demo", "..\demo\demo.vcxproj", "{D869371D-1E65-4C45-8068-898704B743DB}"
EndProject
Project("{8BC9CEB8-8B4A-11D0-8D11-00A0C91BC942}") = "spring", "..\spring\spring.vcxproj", "{2AF3A2ED-CA12-4A82-A9D7-AF82C1791099}"
EndProject
Global
	GlobalSection(SolutionConfigurationPlatforms) = preSolution
		Debug|Win32 = Debug|Win32
		Release|Win32 = Release|Win32
	EndGlobalSection
	GlobalSection(ProjectConfigurationPlatforms) = postSolution
		{433FD9C8-F1A6-411A-A5C9-C572C03BAFDC}.Debug|Win32.ActiveCfg = Debug|Win32
		{433FD9C8-F1A6-411A-A5C9-C572C03BAFDC}.Debug|Win32.Build.0 = Debug|Win32
		{433FD9C8-F1A6-411A-A5C9-C572C03BAFDC}.Release|Win32.ActiveCfg = Release|Win32
		{433FD9C8-F1A6-411A-A5C9-C572C03BAFDC}.Release|Win32.Build.0 = Release|Win32
		{D869371D-1E65-4C45-8068-898704B743DB}.Debug|Win32.ActiveCfg = Debug|Win32
		{D869371D-1E65-4C45-8068-898704B743DB}.Debug|Win32.Build.0 = Debug|Win32
		{D869371D-1E65-4C45-8068-898704B743DB}.Release|Win32.ActiveCfg = Release|Win32
		{D869371D-1E65-4C45-8068-898704B743DB}.Release|Win32.Build.0 = Release|Win32
		{2AF3A2ED-CA12-4A82-A9D7-AF82C1791099}.Debug|Win32.ActiveCfg = Debug|Win32
		{2AF3A2ED-CA12-4A82-A9D7-AF82C1791099}.Debug|Win32.Build.0 = Debug|Win32
		{2AF3A2ED-CA12-4A82-A9D7-AF82C1791099}.Release|Win32.ActiveCfg = Release|Win32
		{2AF3A2ED-CA12-4A82-A9D7-AF82C1791099}.Release|Win32.Build.0 = Release|Win32
	EndGlobalSection
	GlobalSection(SolutionProperties) = preSolution
		HideSolutionNode = FALSE
	EndGlobalSection
EndGlobal
